<?xml version="1.0" encoding="utf-8"?>
<Project ToolsVersion="4.0" xmlns="http://schemas.microsoft.com/developer/msbuild/2003">
  <ItemGroup>
    <ClCompile Include="..\..\game\bg_campaign.c" />
    <ClCompile Include="..\..\game\bg_classes.c" />
    <ClCompile Include="..\..\game\bg_misc.c" />
    <ClCompile Include="..\..\qcommon\q_math.c" />
    <ClCompile Include="..\..\qcommon\q_shared.c" />
    <ClCompile Include="..\..\ui\ui_atoms.c" />
    <ClCompile Include="..\..\ui\ui_gameinfo.c" />
    <ClCompile Include="..\..\ui\ui_loadpanel.c" />
    <ClCompile Include="..\..\ui\ui_main.c" />
    <ClCompile Include="..\..\ui\ui_shared.c" />
    <ClCompile Include="..\..\ui\ui_syscalls.c" />
  </ItemGroup>
  <ItemGroup>
    <ClInclude Include="..\..\..\etmain\ui\menudef.h" />
    <ClInclude Include="..\..\..\etmain\ui\menumacros.h" />
    <ClInclude Include="..\..\renderercommon\tr_types.h" />
    <ClInclude Include="..\..\game\bg_classes.h" />
    <ClInclude Include="..\..\game\bg_public.h" />
    <ClInclude Include="..\..\qcommon\q_shared.h" />
    <ClInclude Include="..\..\game\surfaceflags.h" />
    <ClInclude Include="..\..\ui\keycodes.h" />
    <ClInclude Include="..\..\ui\ui_local.h" />
    <ClInclude Include="..\..\ui\ui_public.h" />
    <ClInclude Include="..\..\ui\ui_shared.h" />
  </ItemGroup>
  <ItemGroup>
    <None Include="..\..\ui\ui.def" />
  </ItemGroup>
</Project>